Microsoft Visual Studio Solution File, Format Version 12.00
# Visual Studio Version 17
VisualStudioVersion = 17.5.2.0
MinimumVisualStudioVersion = 10.0.40219.1
Project("{FAE04EC0-301F-11D3-BF4B-00C04F79EFBC}") = "IncidentWorker_TestIncident", "IncidentWorker_TestIncident.csproj", "{83625A68-8EA2-E9C5-D21E-60BDCEFDDEDC}"
EndProject
Global
	GlobalSection(SolutionConfigurationPlatforms) = preSolution
		Debug|Any CPU = Debug|Any CPU
		Release|Any CPU = Release|Any CPU
	EndGlobalSection
	GlobalSection(ProjectConfigurationPlatforms) = postSolution
		{83625A68-8EA2-E9C5-D21E-60BDCEFDDEDC}.Debug|Any CPU.ActiveCfg = Debug|Any CPU
		{83625A68-8EA2-E9C5-D21E-60BDCEFDDEDC}.Debug|Any CPU.Build.0 = Debug|Any CPU
		{83625A68-8EA2-E9C5-D21E-60BDCEFDDEDC}.Release|Any CPU.ActiveCfg = Release|Any CPU
		{83625A68-8EA2-E9C5-D21E-60BDCEFDDEDC}.Release|Any CPU.Build.0 = Release|Any CPU
	EndGlobalSection
	GlobalSection(SolutionProperties) = preSolution
		HideSolutionNode = FALSE
	EndGlobalSection
	GlobalSection(ExtensibilityGlobals) = postSolution
		SolutionGuid = {16092B1C-A772-40D2-8D65-DADD37310E29}
	EndGlobalSection
EndGlobal
